
Microsoft Visual Studio Solution File, Format Version 12.00
# Visual Studio Version 16
VisualStudioVersion = 16.0.30717.126
MinimumVisualStudioVersion = 10.0.40219.1
Project("{FAE04EC0-301F-11D3-BF4B-00C04F79EFBC}") = "BinList_api", "BinList_api\BinList_api.csproj", "{732CC442-F286-4685-A868-2739C0CE8424}"
EndProject
Global
	GlobalSection(SolutionConfigurationPlatforms) = preSolution
		Debug|Any CPU = Debug|Any CPU
		Release|Any CPU = Release|Any CPU
	EndGlobalSection
	GlobalSection(ProjectConfigurationPlatforms) = postSolution
		{732CC442-F286-4685-A868-2739C0CE8424}.Debug|Any CPU.ActiveCfg = Debug|Any CPU
		{732CC442-F286-4685-A868-2739C0CE8424}.Debug|Any CPU.Build.0 = Debug|Any CPU
		{732CC442-F286-4685-A868-2739C0CE8424}.Release|Any CPU.ActiveCfg = Release|Any CPU
		{732CC442-F286-4685-A868-2739C0CE8424}.Release|Any CPU.Build.0 = Release|Any CPU
	EndGlobalSection
	GlobalSection(SolutionProperties) = preSolution
		HideSolutionNode = FALSE
	EndGlobalSection
	GlobalSection(ExtensibilityGlobals) = postSolution
		SolutionGuid = {F4060611-F442-42AB-B440-FE46C27AD1CD}
	EndGlobalSection
EndGlobal
